<?xml version="1.0" encoding="UTF-8" standalone="yes" ?>
<CodeBlocks_project_file>
	<FileVersion major="1" minor="6" />
	<Project>
		<Option title="ListaAdjacenciaVet" />
		<Option pch_mode="2" />
		<Option compiler="gcc" />
		<Build>
			<Target title="Debug">
				<Option output="bin/Debug/ListaAdjacenciaVet" prefix_auto="1" extension_auto="1" />
				<Option object_output="obj/Debug/" />
				<Option type="1" />
				<Option compiler="gcc" />
				<Compiler>
					<Add option="-g" />
				</Compiler>
			</Target>
			<Target title="Release">
				<Option output="bin/Release/ListaAdjacenciaVet" prefix_auto="1" extension_auto="1" />
				<Option object_output="obj/Release/" />
				<Option type="1" />
				<Option compiler="gcc" />
				<Compiler>
					<Add option="-O2" />
				</Compiler>
				<Linker>
					<Add option="-s" />
				</Linker>
			</Target>
		</Build>
		<Compiler>
			<Add option="-Wall" />
			<Add option="-fexceptions" />
		</Compiler>
		<Unit filename="header/FileHelper.h" />
		<Unit filename="header/Helper.h" />
		<Unit filename="header/grafo/Adjacencia.h" />
		<Unit filename="header/grafo/ListaAdjacenciaVet.h" />
		<Unit filename="header/grafo/Vertice.h" />
		<Unit filename="header/heuristic/FloydWarshall.h" />
		<Unit filename="header/heuristic/HeuristicCVRP.h" />
		<Unit filename="header/structure/list/AbstractNodeList.h" />
		<Unit filename="header/structure/list/OrderedList.h" />
		<Unit filename="main.cpp" />
		<Unit filename="source/FileHelper.cpp" />
		<Unit filename="source/Helper.cpp" />
		<Unit filename="source/grafo/Adjacencia.cpp" />
		<Unit filename="source/grafo/ListaAdjacenciaVet.cpp" />
		<Unit filename="source/grafo/Vertice.cpp" />
		<Unit filename="source/heuristic/FloydWarshall.cpp" />
		<Unit filename="source/structure/list/AbstractNodeList.cpp" />
		<Unit filename="source/structure/list/OrderedList.cpp" />
		<Extensions>
			<code_completion />
			<envvars />
			<debugger />
			<lib_finder disable_auto="1" />
		</Extensions>
	</Project>
</CodeBlocks_project_file>
